
Microsoft Visual Studio Solution File, Format Version 12.00
# Visual Studio Version 16
VisualStudioVersion = 16.0.29123.88
MinimumVisualStudioVersion = 10.0.40219.1
Project("{FAE04EC0-301F-11D3-BF4B-00C04F79EFBC}") = "FUOATER ALSALAHI", "FUOATER ALSALAHI\FUOATER ALSALAHI.csproj", "{4E5FBE03-AEEF-4E94-B6A2-74FFDD60DEA0}"
EndProject
Global
	GlobalSection(SolutionConfigurationPlatforms) = preSolution
		Debug|Any CPU = Debug|Any CPU
		Release|Any CPU = Release|Any CPU
	EndGlobalSection
	GlobalSection(ProjectConfigurationPlatforms) = postSolution
		{4E5FBE03-AEEF-4E94-B6A2-74FFDD60DEA0}.Debug|Any CPU.ActiveCfg = Debug|Any CPU
		{4E5FBE03-AEEF-4E94-B6A2-74FFDD60DEA0}.Debug|Any CPU.Build.0 = Debug|Any CPU
		{4E5FBE03-AEEF-4E94-B6A2-74FFDD60DEA0}.Release|Any CPU.ActiveCfg = Release|Any CPU
		{4E5FBE03-AEEF-4E94-B6A2-74FFDD60DEA0}.Release|Any CPU.Build.0 = Release|Any CPU
	EndGlobalSection
	GlobalSection(SolutionProperties) = preSolution
		HideSolutionNode = FALSE
	EndGlobalSection
	GlobalSection(ExtensibilityGlobals) = postSolution
		SolutionGuid = {C3A7C09A-D3C0-47A9-99AA-EA7073F25A39}
	EndGlobalSection
EndGlobal
